
Microsoft Visual Studio Solution File, Format Version 12.00
# Visual Studio Version 17
VisualStudioVersion = 17.0.31903.59
MinimumVisualStudioVersion = 10.0.40219.1
Project("{FAE04EC0-301F-11D3-BF4B-00C04F79EFBC}") = "animal2", "animal2\animal2.csproj", "{CE099068-1637-476C-A9FB-28038935E34C}"
EndProject
Global
	GlobalSection(SolutionConfigurationPlatforms) = preSolution
		Debug|Any CPU = Debug|Any CPU
		Release|Any CPU = Release|Any CPU
	EndGlobalSection
	GlobalSection(ProjectConfigurationPlatforms) = postSolution
		{CE099068-1637-476C-A9FB-28038935E34C}.Debug|Any CPU.ActiveCfg = Debug|Any CPU
		{CE099068-1637-476C-A9FB-28038935E34C}.Debug|Any CPU.Build.0 = Debug|Any CPU
		{CE099068-1637-476C-A9FB-28038935E34C}.Release|Any CPU.ActiveCfg = Release|Any CPU
		{CE099068-1637-476C-A9FB-28038935E34C}.Release|Any CPU.Build.0 = Release|Any CPU
	EndGlobalSection
	GlobalSection(SolutionProperties) = preSolution
		HideSolutionNode = FALSE
	EndGlobalSection
	GlobalSection(ExtensibilityGlobals) = postSolution
		SolutionGuid = {8C6E86E0-CB47-46DC-87CC-7A147797E4C2}
	EndGlobalSection
EndGlobal
